
Microsoft Visual Studio Solution File, Format Version 12.00
# Visual Studio Version 17
VisualStudioVersion = 17.8.34511.84
MinimumVisualStudioVersion = 10.0.40219.1
Project("{FAE04EC0-301F-11D3-BF4B-00C04F79EFBC}") = "Dex", "Dex.csproj", "{C4A7E59D-0835-47CB-B67C-DBE386444777}"
EndProject
Global
	GlobalSection(SolutionConfigurationPlatforms) = preSolution
		Debug|Any CPU = Debug|Any CPU
		Release|Any CPU = Release|Any CPU
	EndGlobalSection
	GlobalSection(ProjectConfigurationPlatforms) = postSolution
		{C4A7E59D-0835-47CB-B67C-DBE386444777}.Debug|Any CPU.ActiveCfg = Debug|Any CPU
		{C4A7E59D-0835-47CB-B67C-DBE386444777}.Debug|Any CPU.Build.0 = Debug|Any CPU
		{C4A7E59D-0835-47CB-B67C-DBE386444777}.Release|Any CPU.ActiveCfg = Release|Any CPU
		{C4A7E59D-0835-47CB-B67C-DBE386444777}.Release|Any CPU.Build.0 = Release|Any CPU
	EndGlobalSection
	GlobalSection(SolutionProperties) = preSolution
		HideSolutionNode = FALSE
	EndGlobalSection
	GlobalSection(ExtensibilityGlobals) = postSolution
		SolutionGuid = {CDB567FF-748C-4514-8D17-D207EC5D16E5}
	EndGlobalSection
EndGlobal
